// !$*UTF8*$!
{
	archiveVersion = 1;
	classes = {
	};
	objectVersion = 50;
	objects = {

/* Begin PBXBuildFile section */
		954D558A2450439200B3AAAA /* AppDelegate.swift in Sources */ = {isa = PBXBuildFile; fileRef = 954D55892450439200B3AAAA /* AppDelegate.swift */; };
		954D558C2450439200B3AAAA /* SceneDelegate.swift in Sources */ = {isa = PBXBuildFile; fileRef = 954D558B2450439200B3AAAA /* SceneDelegate.swift */; };
		954D558E2450439200B3AAAA /* ContentView.swift in Sources */ = {isa = PBXBuildFile; fileRef = 954D558D2450439200B3AAAA /* ContentView.swift */; };
		954D55902450439300B3AAAA /* Assets.xcassets in Resources */ = {isa = PBXBuildFile; fileRef = 954D558F2450439300B3AAAA /* Assets.xcassets */; };
		954D55932450439300B3AAAA /* Preview Assets.xcassets in Resources */ = {isa = PBXBuildFile; fileRef = 954D55922450439300B3AAAA /* Preview Assets.xcassets */; };
		954D55962450439300B3AAAA /* LaunchScreen.storyboard in Resources */ = {isa = PBXBuildFile; fileRef = 954D55942450439300B3AAAA /* LaunchScreen.storyboard */; };
/* End PBXBuildFile section */

/* Begin PBXFileReference section */
		954D55862450439200B3AAAA /* RefreshAnimation.app */ = {isa = PBXFileReference; explicitFileType = wrapper.application; includeInIndex = 0; path = RefreshAnimation.app; sourceTree = BUILT_PRODUCTS_DIR; };
		954D55892450439200B3AAAA /* AppDelegate.swift */ = {isa = PBXFileReference; lastKnownFileType = sourcecode.swift; path = AppDelegate.swift; sourceTree = "<group>"; };
		954D558B2450439200B3AAAA /* SceneDelegate.swift */ = {isa = PBXFileReference; lastKnownFileType = sourcecode.swift; path = SceneDelegate.swift; sourceTree = "<group>"; };
		954D558D2450439200B3AAAA /* ContentView.swift */ = {isa = PBXFileReference; lastKnownFileType = sourcecode.swift; path = ContentView.swift; sourceTree = "<group>"; };
		954D558F2450439300B3AAAA /* Assets.xcassets */ = {isa = PBXFileReference; lastKnownFileType = folder.assetcatalog; path = Assets.xcassets; sourceTree = "<group>"; };
		954D55922450439300B3AAAA /* Preview Assets.xcassets */ = {isa = PBXFileReference; lastKnownFileType = folder.assetcatalog; path = "Preview Assets.xcassets"; sourceTree = "<group>"; };
		954D55952450439300B3AAAA /* Base */ = {isa = PBXFileReference; lastKnownFileType = file.storyboard; name = Base; path = Base.lproj/LaunchScreen.storyboard; sourceTree = "<group>"; };
		954D55972450439300B3AAAA /* Info.plist */ = {isa = PBXFileReference; lastKnownFileType = text.plist.xml; path = Info.plist; sourceTree = "<group>"; };
/* End PBXFileReference section */

/* Begin PBXFrameworksBuildPhase section */
		954D55832450439200B3AAAA /* Frameworks */ = {
			isa = PBXFrameworksBuildPhase;
			buildActionMask = 2147483647;
			files = (
			);
			runOnlyForDeploymentPostprocessing = 0;
		};
/* End PBXFrameworksBuildPhase section */

/* Begin PBXGroup section */
		954D557D2450439200B3AAAA = {
			isa = PBXGroup;
			children = (
				954D55882450439200B3AAAA /* RefreshAnimation */,
				954D55872450439200B3AAAA /* Products */,
			);
			sourceTree = "<group>";
		};
		954D55872450439200B3AAAA /* Products */ = {
			isa = PBXGroup;
			children = (
				954D55862450439200B3AAAA /* RefreshAnimation.app */,
			);
			name = Products;
			sourceTree = "<group>";
		};
		954D55882450439200B3AAAA /* RefreshAnimation */ = {
			isa = PBXGroup;
			children = (
				954D55892450439200B3AAAA /* AppDelegate.swift */,
				954D558B2450439200B3AAAA /* SceneDelegate.swift */,
				954D558D2450439200B3AAAA /* ContentView.swift */,
				954D558F2450439300B3AAAA /* Assets.xcassets */,
				954D55942450439300B3AAAA /* LaunchScreen.storyboard */,
				954D55972450439300B3AAAA /* Info.plist */,
				954D55912450439300B3AAAA /* Preview Content */,
			);
			path = RefreshAnimation;
			sourceTree = "<group>";
		};
		954D55912450439300B3AAAA /* Preview Content */ = {
			isa = PBXGroup;
			children = (
				954D55922450439300B3AAAA /* Preview Assets.xcassets */,
			);
			path = "Preview Content";
			sourceTree = "<group>";
		};
/* End PBXGroup section */

/* Begin PBXNativeTarget section */
		954D55852450439200B3AAAA /* RefreshAnimation */ = {
			isa = PBXNativeTarget;
			buildConfigurationList = 954D559A2450439300B3AAAA /* Build configuration list for PBXNativeTarget "RefreshAnimation" */;
			buildPhases = (
				954D55822450439200B3AAAA /* Sources */,
				954D55832450439200B3AAAA /* Frameworks */,
				954D55842450439200B3AAAA /* Resources */,
			);
			buildRules = (
			);
			dependencies = (
			);
			name = RefreshAnimation;
			productName = RefreshAnimation;
			productReference = 954D55862450439200B3AAAA /* RefreshAnimation.app */;
			productType = "com.apple.product-type.application";
		};
/* End PBXNativeTarget section */

/* Begin PBXProject section */
		954D557E2450439200B3AAAA /* Project object */ = {
			isa = PBXProject;
			attributes = {
				LastSwiftUpdateCheck = 1140;
				LastUpgradeCheck = 1140;
				ORGANIZATIONNAME = com.ri;
				TargetAttributes = {
					954D55852450439200B3AAAA = {
						CreatedOnToolsVersion = 11.4;
					};
				};
			};
			buildConfigurationList = 954D55812450439200B3AAAA /* Build configuration list for PBXProject "RefreshAnimation" */;
			compatibilityVersion = "Xcode 9.3";
			developmentRegion = en;
			hasScannedForEncodings = 0;
			knownRegions = (
				en,
				Base,
			);
			mainGroup = 954D557D2450439200B3AAAA;
			productRefGroup = 954D55872450439200B3AAAA /* Products */;
			projectDirPath = "";
			projectRoot = "";
			targets = (
				954D55852450439200B3AAAA /* RefreshAnimation */,
			);
		};
/* End PBXProject section */

/* Begin PBXResourcesBuildPhase section */
		954D55842450439200B3AAAA /* Resources */ = {
			isa = PBXResourcesBuildPhase;
			buildActionMask = 2147483647;
			files = (
				954D55962450439300B3AAAA /* LaunchScreen.storyboard in Resources */,
				954D55932450439300B3AAAA /* Preview Assets.xcassets in Resources */,
				954D55902450439300B3AAAA /* Assets.xcassets in Resources */,
			);
			runOnlyForDeploymentPostprocessing = 0;
		};
/* End PBXResourcesBuildPhase section */

/* Begin PBXSourcesBuildPhase section */
		954D55822450439200B3AAAA /* Sources */ = {
			isa = PBXSourcesBuildPhase;
			buildActionMask = 2147483647;
			files = (
				954D558A2450439200B3AAAA /* AppDelegate.swift in Sources */,
				954D558C2450439200B3AAAA /* SceneDelegate.swift in Sources */,
				954D558E2450439200B3AAAA /* ContentView.swift in Sources */,
			);
			runOnlyForDeploymentPostprocessing = 0;
		};
/* End PBXSourcesBuildPhase section */

/* Begin PBXVariantGroup section */
		954D55942450439300B3AAAA /* LaunchScreen.storyboard */ = {
			isa = PBXVariantGroup;
			children = (
				954D55952450439300B3AAAA /* Base */,
			);
			name = LaunchScreen.storyboard;
			sourceTree = "<group>";
		};
/* End PBXVariantGroup section */

/* Begin XCBuildConfiguration section */
		954D55982450439300B3AAAA /* Debug */ = {
			isa = XCBuildConfiguration;
			buildSettings = {
				ALWAYS_SEARCH_USER_PATHS = NO;
				CLANG_ANALYZER_NONNULL = YES;
				CLANG_ANALYZER_NUMBER_OBJECT_CONVERSION = YES_AGGRESSIVE;
				CLANG_CXX_LANGUAGE_STANDARD = "gnu++14";
				CLANG_CXX_LIBRARY = "libc++";
				CLANG_ENABLE_MODULES = YES;
				CLANG_ENABLE_OBJC_ARC = YES;
				CLANG_ENABLE_OBJC_WEAK = YES;
				CLANG_WARN_BLOCK_CAPTURE_AUTORELEASING = YES;
				CLANG_WARN_BOOL_CONVERSION = YES;
				CLANG_WARN_COMMA = YES;
				CLANG_WARN_CONSTANT_CONVERSION = YES;
				CLANG_WARN_DEPRECATED_OBJC_IMPLEMENTATIONS = YES;
				CLANG_WARN_DIRECT_OBJC_ISA_USAGE = YES_ERROR;
				CLANG_WARN_DOCUMENTATION_COMMENTS = YES;
				CLANG_WARN_EMPTY_BODY = YES;
				CLANG_WARN_ENUM_CONVERSION = YES;
				CLANG_WARN_INFINITE_RECURSION = YES;
				CLANG_WARN_INT_CONVERSION = YES;
				CLANG_WARN_NON_LITERAL_NULL_CONVERSION = YES;
				CLANG_WARN_OBJC_IMPLICIT_RETAIN_SELF = YES;
				CLANG_WARN_OBJC_LITERAL_CONVERSION = YES;
				CLANG_WARN_OBJC_ROOT_CLASS = YES_ERROR;
				CLANG_WARN_RANGE_LOOP_ANALYSIS = YES;
				CLANG_WARN_STRICT_PROTOTYPES = YES;
				CLANG_WARN_SUSPICIOUS_MOVE = YES;
				CLANG_WARN_UNGUARDED_AVAILABILITY = YES_AGGRESSIVE;
				CLANG_WARN_UNREACHABLE_CODE = YES;
				CLANG_WARN__DUPLICATE_METHOD_MATCH = YES;
				COPY_PHASE_STRIP = NO;
				DEBUG_INFORMATION_FORMAT = dwarf;
				ENABLE_STRICT_OBJC_MSGSEND = YES;
				ENABLE_TESTABILITY = YES;
				GCC_C_LANGUAGE_STANDARD = gnu11;
				GCC_DYNAMIC_NO_PIC = NO;
				GCC_NO_COMMON_BLOCKS = YES;
				GCC_OPTIMIZATION_LEVEL = 0;
				GCC_PREPROCESSOR_DEFINITIONS = (
					"DEBUG=1",
					"$(inherited)",
				);
				GCC_WARN_64_TO_32_BIT_CONVERSION = YES;
				GCC_WARN_ABOUT_RETURN_TYPE = YES_ERROR;
				GCC_WARN_UNDECLARED_SELECTOR = YES;
				GCC_WARN_UNINITIALIZED_AUTOS = YES_AGGRESSIVE;
				GCC_WARN_UNUSED_FUNCTION = YES;
				GCC_WARN_UNUSED_VARIABLE = YES;
				IPHONEOS_DEPLOYMENT_TARGET = 13.4;
				MTL_ENABLE_DEBUG_INFO = INCLUDE_SOURCE;
				MTL_FAST_MATH = YES;
				ONLY_ACTIVE_ARCH = YES;
				SDKROOT = iphoneos;
				SWIFT_ACTIVE_COMPILATION_CONDITIONS = DEBUG;
				SWIFT_OPTIMIZATION_LEVEL = "-Onone";
			};
			name = Debug;
		};
		954D55992450439300B3AAAA /* Release */ = {
			isa = XCBuildConfiguration;
			buildSettings = {
				ALWAYS_SEARCH_USER_PATHS = NO;
				CLANG_ANALYZER_NONNULL = YES;
				CLANG_ANALYZER_NUMBER_OBJECT_CONVERSION = YES_AGGRESSIVE;
				CLANG_CXX_LANGUAGE_STANDARD = "gnu++14";
				CLANG_CXX_LIBRARY = "libc++";
				CLANG_ENABLE_MODULES = YES;
				CLANG_ENABLE_OBJC_ARC = YES;
				CLANG_ENABLE_OBJC_WEAK = YES;
				CLANG_WARN_BLOCK_CAPTURE_AUTORELEASING = YES;
				CLANG_WARN_BOOL_CONVERSION = YES;
				CLANG_WARN_COMMA = YES;
				CLANG_WARN_CONSTANT_CONVERSION = YES;
				CLANG_WARN_DEPRECATED_OBJC_IMPLEMENTATIONS = YES;
				CLANG_WARN_DIRECT_OBJC_ISA_USAGE = YES_ERROR;
				CLANG_WARN_DOCUMENTATION_COMMENTS = YES;
				CLANG_WARN_EMPTY_BODY = YES;
				CLANG_WARN_ENUM_CONVERSION = YES;
				CLANG_WARN_INFINITE_RECURSION = YES;
				CLANG_WARN_INT_CONVERSION = YES;
				CLANG_WARN_NON_LITERAL_NULL_CONVERSION = YES;
				CLANG_WARN_OBJC_IMPLICIT_RETAIN_SELF = YES;
				CLANG_WARN_OBJC_LITERAL_CONVERSION = YES;
				CLANG_WARN_OBJC_ROOT_CLASS = YES_ERROR;
				CLANG_WARN_RANGE_LOOP_ANALYSIS = YES;
				CLANG_WARN_STRICT_PROTOTYPES = YES;
				CLANG_WARN_SUSPICIOUS_MOVE = YES;
				CLANG_WARN_UNGUARDED_AVAILABILITY = YES_AGGRESSIVE;
				CLANG_WARN_UNREACHABLE_CODE = YES;
				CLANG_WARN__DUPLICATE_METHOD_MATCH = YES;
				COPY_PHASE_STRIP = NO;
				DEBUG_INFORMATION_FORMAT = "dwarf-with-dsym";
				ENABLE_NS_ASSERTIONS = NO;
				ENABLE_STRICT_OBJC_MSGSEND = YES;
				GCC_C_LANGUAGE_STANDARD = gnu11;
				GCC_NO_COMMON_BLOCKS = YES;
				GCC_WARN_64_TO_32_BIT_CONVERSION = YES;
				GCC_WARN_ABOUT_RETURN_TYPE = YES_ERROR;
				GCC_WARN_UNDECLARED_SELECTOR = YES;
				GCC_WARN_UNINITIALIZED_AUTOS = YES_AGGRESSIVE;
				GCC_WARN_UNUSED_FUNCTION = YES;
				GCC_WARN_UNUSED_VARIABLE = YES;
				IPHONEOS_DEPLOYMENT_TARGET = 13.4;
				MTL_ENABLE_DEBUG_INFO = NO;
				MTL_FAST_MATH = YES;
				SDKROOT = iphoneos;
				SWIFT_COMPILATION_MODE = wholemodule;
				SWIFT_OPTIMIZATION_LEVEL = "-O";
				VALIDATE_PRODUCT = YES;
			};
			name = Release;
		};
		954D559B2450439300B3AAAA /* Debug */ = {
			isa = XCBuildConfiguration;
			buildSettings = {
				ASSETCATALOG_COMPILER_APPICON_NAME = AppIcon;
				CODE_SIGN_STYLE = Automatic;
				DEVELOPMENT_ASSET_PATHS = "\"RefreshAnimation/Preview Content\"";
				DEVELOPMENT_TEAM = L8W86DZDY2;
				ENABLE_PREVIEWS = YES;
				INFOPLIST_FILE = RefreshAnimation/Info.plist;
				LD_RUNPATH_SEARCH_PATHS = (
					"$(inherited)",
					"@executable_path/Frameworks",
				);
				PRODUCT_BUNDLE_IDENTIFIER = com.ri.RefreshAnimation;
				PRODUCT_NAME = "$(TARGET_NAME)";
				SWIFT_VERSION = 5.0;
				TARGETED_DEVICE_FAMILY = "1,2";
			};
			name = Debug;
		};
		954D559C2450439300B3AAAA /* Release */ = {
			isa = XCBuildConfiguration;
			buildSettings = {
				ASSETCATALOG_COMPILER_APPICON_NAME = AppIcon;
				CODE_SIGN_STYLE = Automatic;
				DEVELOPMENT_ASSET_PATHS = "\"RefreshAnimation/Preview Content\"";
				DEVELOPMENT_TEAM = L8W86DZDY2;
				ENABLE_PREVIEWS = YES;
				INFOPLIST_FILE = RefreshAnimation/Info.plist;
				LD_RUNPATH_SEARCH_PATHS = (
					"$(inherited)",
					"@executable_path/Frameworks",
				);
				PRODUCT_BUNDLE_IDENTIFIER = com.ri.RefreshAnimation;
				PRODUCT_NAME = "$(TARGET_NAME)";
				SWIFT_VERSION = 5.0;
				TARGETED_DEVICE_FAMILY = "1,2";
			};
			name = Release;
		};
/* End XCBuildConfiguration section */

/* Begin XCConfigurationList section */
		954D55812450439200B3AAAA /* Build configuration list for PBXProject "RefreshAnimation" */ = {
			isa = XCConfigurationList;
			buildConfigurations = (
				954D55982450439300B3AAAA /* Debug */,
				954D55992450439300B3AAAA /* Release */,
			);
			defaultConfigurationIsVisible = 0;
			defaultConfigurationName = Release;
		};
		954D559A2450439300B3AAAA /* Build configuration list for PBXNativeTarget "RefreshAnimation" */ = {
			isa = XCConfigurationList;
			buildConfigurations = (
				954D559B2450439300B3AAAA /* Debug */,
				954D559C2450439300B3AAAA /* Release */,
			);
			defaultConfigurationIsVisible = 0;
			defaultConfigurationName = Release;
		};
/* End XCConfigurationList section */
	};
	rootObject = 954D557E2450439200B3AAAA /* Project object */;
}
